{
  "originHash" : "c37ae78a032f0d8f6156f6f1867b0b778e8f9cd1690481c2db53ea5643af84ae",
  "pins" : [
    {
      "identity" : "handvector",
      "kind" : "remoteSourceControl",
      "location" : "https://github.com/XanderXu/HandVector.git",
      "state" : {
        "revision" : "f4a0a8ef814ce2febfda35bff11232b7c6287bdb",
        "version" : "0.3.0"
      }
    }
  ],
  "version" : 3
}
